
Microsoft Visual Studio Solution File, Format Version 12.00
# Visual Studio Version 17
VisualStudioVersion = 17.8.34322.80
MinimumVisualStudioVersion = 10.0.40219.1
Project("{FAE04EC0-301F-11D3-BF4B-00C04F79EFBC}") = "Lab11Calc", "Lab11Calc\Lab11Calc.csproj", "{0F9EDFB3-38ED-43D5-954B-69DBAE440F97}"
EndProject
Global
	GlobalSection(SolutionConfigurationPlatforms) = preSolution
		Debug|Any CPU = Debug|Any CPU
		Release|Any CPU = Release|Any CPU
	EndGlobalSection
	GlobalSection(ProjectConfigurationPlatforms) = postSolution
		{0F9EDFB3-38ED-43D5-954B-69DBAE440F97}.Debug|Any CPU.ActiveCfg = Debug|Any CPU
		{0F9EDFB3-38ED-43D5-954B-69DBAE440F97}.Debug|Any CPU.Build.0 = Debug|Any CPU
		{0F9EDFB3-38ED-43D5-954B-69DBAE440F97}.Release|Any CPU.ActiveCfg = Release|Any CPU
		{0F9EDFB3-38ED-43D5-954B-69DBAE440F97}.Release|Any CPU.Build.0 = Release|Any CPU
	EndGlobalSection
	GlobalSection(SolutionProperties) = preSolution
		HideSolutionNode = FALSE
	EndGlobalSection
	GlobalSection(ExtensibilityGlobals) = postSolution
		SolutionGuid = {6D457145-A4E3-463D-802B-B0BB5E38E558}
	EndGlobalSection
EndGlobal
