
Microsoft Visual Studio Solution File, Format Version 12.00
# Visual Studio Version 17
VisualStudioVersion = 17.8.34322.80
MinimumVisualStudioVersion = 10.0.40219.1
Project("{9A19103F-16F7-4668-BE54-9A1E7A4F7556}") = "Lab6", "Lab6\Lab6.csproj", "{019C1EC0-5DC3-4D56-BBEC-C26CD3872A79}"
EndProject
Project("{FAE04EC0-301F-11D3-BF4B-00C04F79EFBC}") = "TestProject2", "TestProject2\TestProject2.csproj", "{CC86E6A3-DC1A-42AC-9315-9BDB75DF5D32}"
EndProject
Global
	GlobalSection(SolutionConfigurationPlatforms) = preSolution
		Debug|Any CPU = Debug|Any CPU
		Release|Any CPU = Release|Any CPU
	EndGlobalSection
	GlobalSection(ProjectConfigurationPlatforms) = postSolution
		{019C1EC0-5DC3-4D56-BBEC-C26CD3872A79}.Debug|Any CPU.ActiveCfg = Debug|Any CPU
		{019C1EC0-5DC3-4D56-BBEC-C26CD3872A79}.Debug|Any CPU.Build.0 = Debug|Any CPU
		{019C1EC0-5DC3-4D56-BBEC-C26CD3872A79}.Release|Any CPU.ActiveCfg = Release|Any CPU
		{019C1EC0-5DC3-4D56-BBEC-C26CD3872A79}.Release|Any CPU.Build.0 = Release|Any CPU
		{CC86E6A3-DC1A-42AC-9315-9BDB75DF5D32}.Debug|Any CPU.ActiveCfg = Debug|Any CPU
		{CC86E6A3-DC1A-42AC-9315-9BDB75DF5D32}.Debug|Any CPU.Build.0 = Debug|Any CPU
		{CC86E6A3-DC1A-42AC-9315-9BDB75DF5D32}.Release|Any CPU.ActiveCfg = Release|Any CPU
		{CC86E6A3-DC1A-42AC-9315-9BDB75DF5D32}.Release|Any CPU.Build.0 = Release|Any CPU
	EndGlobalSection
	GlobalSection(SolutionProperties) = preSolution
		HideSolutionNode = FALSE
	EndGlobalSection
	GlobalSection(ExtensibilityGlobals) = postSolution
		SolutionGuid = {4EFBD5BD-2137-4395-B871-4200EBEA273A}
	EndGlobalSection
EndGlobal
