
Microsoft Visual Studio Solution File, Format Version 12.00
# Visual Studio Version 17
VisualStudioVersion = 17.8.34322.80
MinimumVisualStudioVersion = 10.0.40219.1
Project("{FAE04EC0-301F-11D3-BF4B-00C04F79EFBC}") = "Lab3", "Lab3\Lab3.csproj", "{1848A82E-AAFC-41E9-B446-6B8C33ADDAD4}"
EndProject
Project("{FAE04EC0-301F-11D3-BF4B-00C04F79EFBC}") = "Tests", "Tests\Tests.csproj", "{662D05CF-ECDC-4D3E-B64F-B117754BB5D4}"
EndProject
Global
	GlobalSection(SolutionConfigurationPlatforms) = preSolution
		Debug|Any CPU = Debug|Any CPU
		Release|Any CPU = Release|Any CPU
	EndGlobalSection
	GlobalSection(ProjectConfigurationPlatforms) = postSolution
		{1848A82E-AAFC-41E9-B446-6B8C33ADDAD4}.Debug|Any CPU.ActiveCfg = Debug|Any CPU
		{1848A82E-AAFC-41E9-B446-6B8C33ADDAD4}.Debug|Any CPU.Build.0 = Debug|Any CPU
		{1848A82E-AAFC-41E9-B446-6B8C33ADDAD4}.Release|Any CPU.ActiveCfg = Release|Any CPU
		{1848A82E-AAFC-41E9-B446-6B8C33ADDAD4}.Release|Any CPU.Build.0 = Release|Any CPU
		{662D05CF-ECDC-4D3E-B64F-B117754BB5D4}.Debug|Any CPU.ActiveCfg = Debug|Any CPU
		{662D05CF-ECDC-4D3E-B64F-B117754BB5D4}.Debug|Any CPU.Build.0 = Debug|Any CPU
		{662D05CF-ECDC-4D3E-B64F-B117754BB5D4}.Release|Any CPU.ActiveCfg = Release|Any CPU
		{662D05CF-ECDC-4D3E-B64F-B117754BB5D4}.Release|Any CPU.Build.0 = Release|Any CPU
	EndGlobalSection
	GlobalSection(SolutionProperties) = preSolution
		HideSolutionNode = FALSE
	EndGlobalSection
	GlobalSection(ExtensibilityGlobals) = postSolution
		SolutionGuid = {038A602E-B8C8-490A-9E88-921C92C469BF}
	EndGlobalSection
EndGlobal
